
Microsoft Visual Studio Solution File, Format Version 12.00
# Visual Studio Version 17
VisualStudioVersion = 17.4.33213.308
MinimumVisualStudioVersion = 10.0.40219.1
Project("{FAE04EC0-301F-11D3-BF4B-00C04F79EFBC}") = "PROG6221--Part 1_Jesse Viljoen_ST10059052", "PROG6221--Part 1_Jesse Viljoen_ST10059052\PROG6221--Part 1_Jesse Viljoen_ST10059052.csproj", "{BD03573A-1EBB-46EE-B60F-E5E4861F01B4}"
EndProject
Global
	GlobalSection(SolutionConfigurationPlatforms) = preSolution
		Debug|Any CPU = Debug|Any CPU
		Release|Any CPU = Release|Any CPU
	EndGlobalSection
	GlobalSection(ProjectConfigurationPlatforms) = postSolution
		{BD03573A-1EBB-46EE-B60F-E5E4861F01B4}.Debug|Any CPU.ActiveCfg = Debug|Any CPU
		{BD03573A-1EBB-46EE-B60F-E5E4861F01B4}.Debug|Any CPU.Build.0 = Debug|Any CPU
		{BD03573A-1EBB-46EE-B60F-E5E4861F01B4}.Release|Any CPU.ActiveCfg = Release|Any CPU
		{BD03573A-1EBB-46EE-B60F-E5E4861F01B4}.Release|Any CPU.Build.0 = Release|Any CPU
	EndGlobalSection
	GlobalSection(SolutionProperties) = preSolution
		HideSolutionNode = FALSE
	EndGlobalSection
	GlobalSection(ExtensibilityGlobals) = postSolution
		SolutionGuid = {81684160-88E8-496A-BA49-9D71541199D7}
	EndGlobalSection
EndGlobal
